
Microsoft Visual Studio Solution File, Format Version 12.00
# Visual Studio Version 17
VisualStudioVersion = 17.8.34511.84
MinimumVisualStudioVersion = 10.0.40219.1
Project("{FAE04EC0-301F-11D3-BF4B-00C04F79EFBC}") = "VyacheslavsMegaServer", "VyacheslavsMegaServer\VyacheslavsMegaServer.csproj", "{A8268F0D-EC8A-4FF7-B5D5-2D0B5A064E85}"
EndProject
Global
	GlobalSection(SolutionConfigurationPlatforms) = preSolution
		Debug|Any CPU = Debug|Any CPU
		Release|Any CPU = Release|Any CPU
	EndGlobalSection
	GlobalSection(ProjectConfigurationPlatforms) = postSolution
		{A8268F0D-EC8A-4FF7-B5D5-2D0B5A064E85}.Debug|Any CPU.ActiveCfg = Debug|Any CPU
		{A8268F0D-EC8A-4FF7-B5D5-2D0B5A064E85}.Debug|Any CPU.Build.0 = Debug|Any CPU
		{A8268F0D-EC8A-4FF7-B5D5-2D0B5A064E85}.Release|Any CPU.ActiveCfg = Release|Any CPU
		{A8268F0D-EC8A-4FF7-B5D5-2D0B5A064E85}.Release|Any CPU.Build.0 = Release|Any CPU
	EndGlobalSection
	GlobalSection(SolutionProperties) = preSolution
		HideSolutionNode = FALSE
	EndGlobalSection
	GlobalSection(ExtensibilityGlobals) = postSolution
		SolutionGuid = {C1A12017-5901-4265-86E7-AE45E28ABF7A}
	EndGlobalSection
EndGlobal
